// !$*UTF8*$!
{
	archiveVersion = 1;
	classes = {
	};
	objectVersion = 55;
	objects = {

/* Begin PBXBuildFile section */
		1F3E804D28733F2D0098C405 /* AppDelegate.swift in Sources */ = {isa = PBXBuildFile; fileRef = 1F3E804C28733F2D0098C405 /* AppDelegate.swift */; };
		1F3E804F28733F2D0098C405 /* SceneDelegate.swift in Sources */ = {isa = PBXBuildFile; fileRef = 1F3E804E28733F2D0098C405 /* SceneDelegate.swift */; };
		1F3E805128733F2D0098C405 /* MainViewController.swift in Sources */ = {isa = PBXBuildFile; fileRef = 1F3E805028733F2D0098C405 /* MainViewController.swift */; };
		1F3E805628733F2E0098C405 /* Assets.xcassets in Resources */ = {isa = PBXBuildFile; fileRef = 1F3E805528733F2E0098C405 /* Assets.xcassets */; };
		1F3E805928733F2E0098C405 /* LaunchScreen.storyboard in Resources */ = {isa = PBXBuildFile; fileRef = 1F3E805728733F2E0098C405 /* LaunchScreen.storyboard */; };
		1F3E8065287344EF0098C405 /* Router.swift in Sources */ = {isa = PBXBuildFile; fileRef = 1F3E8064287344EF0098C405 /* Router.swift */; };
		1F3E8068287345350098C405 /* Assembly.swift in Sources */ = {isa = PBXBuildFile; fileRef = 1F3E8067287345350098C405 /* Assembly.swift */; };
		1F3E806C287345910098C405 /* LeaguesModel.swift in Sources */ = {isa = PBXBuildFile; fileRef = 1F3E806B287345910098C405 /* LeaguesModel.swift */; };
		1F3E8075287347530098C405 /* Constants.swift in Sources */ = {isa = PBXBuildFile; fileRef = 1F3E8074287347530098C405 /* Constants.swift */; };
		1F3E80792873482B0098C405 /* DateFormatter+Ext.swift in Sources */ = {isa = PBXBuildFile; fileRef = 1F3E80782873482B0098C405 /* DateFormatter+Ext.swift */; };
		1F3E807B287348490098C405 /* UINavigationItem+Ext.swift in Sources */ = {isa = PBXBuildFile; fileRef = 1F3E807A287348490098C405 /* UINavigationItem+Ext.swift */; };
		1F3E807E287348C00098C405 /* NetworkService.swift in Sources */ = {isa = PBXBuildFile; fileRef = 1F3E807D287348C00098C405 /* NetworkService.swift */; };
		1F3E80802873495C0098C405 /* Resources.swift in Sources */ = {isa = PBXBuildFile; fileRef = 1F3E807F2873495C0098C405 /* Resources.swift */; };
		1F3E808A28734C4D0098C405 /* LeaguesView.swift in Sources */ = {isa = PBXBuildFile; fileRef = 1F3E808928734C4D0098C405 /* LeaguesView.swift */; };
		1F3E808C28734C850098C405 /* LeaguesCollectionViewCell.swift in Sources */ = {isa = PBXBuildFile; fileRef = 1F3E808B28734C850098C405 /* LeaguesCollectionViewCell.swift */; };
		1F3E808E28734CE20098C405 /* LeaguesPresenter.swift in Sources */ = {isa = PBXBuildFile; fileRef = 1F3E808D28734CE20098C405 /* LeaguesPresenter.swift */; };
		1F3E809C28734DBE0098C405 /* SeasonsPresenter.swift in Sources */ = {isa = PBXBuildFile; fileRef = 1F3E809B28734DBE0098C405 /* SeasonsPresenter.swift */; };
		1F3E809E28734DF50098C405 /* SeasonsTableViewCell.swift in Sources */ = {isa = PBXBuildFile; fileRef = 1F3E809D28734DF50098C405 /* SeasonsTableViewCell.swift */; };
		1F3E80A028734E300098C405 /* SeasonsView.swift in Sources */ = {isa = PBXBuildFile; fileRef = 1F3E809F28734E300098C405 /* SeasonsView.swift */; };
		1F3E80A228734E4E0098C405 /* SeasonsModel.swift in Sources */ = {isa = PBXBuildFile; fileRef = 1F3E80A128734E4E0098C405 /* SeasonsModel.swift */; };
		1F3E80A428734F3E0098C405 /* StandingsModel.swift in Sources */ = {isa = PBXBuildFile; fileRef = 1F3E80A328734F3E0098C405 /* StandingsModel.swift */; };
		1F3E80A628734F630098C405 /* StandingsView.swift in Sources */ = {isa = PBXBuildFile; fileRef = 1F3E80A528734F630098C405 /* StandingsView.swift */; };
		1F3E80A828734F880098C405 /* StandingsTableViewCell.swift in Sources */ = {isa = PBXBuildFile; fileRef = 1F3E80A728734F880098C405 /* StandingsTableViewCell.swift */; };
		1F3E80AA28734FC10098C405 /* SelectViewController.swift in Sources */ = {isa = PBXBuildFile; fileRef = 1F3E80A928734FC10098C405 /* SelectViewController.swift */; };
		1F3E80AC28734FF70098C405 /* StandingsPresenter.swift in Sources */ = {isa = PBXBuildFile; fileRef = 1F3E80AB28734FF70098C405 /* StandingsPresenter.swift */; };
		1F3E80AE28735CD50098C405 /* UIView+Ext.swift in Sources */ = {isa = PBXBuildFile; fileRef = 1F3E80AD28735CD50098C405 /* UIView+Ext.swift */; };
/* End PBXBuildFile section */

/* Begin PBXFileReference section */
		1F3E804928733F2D0098C405 /* TestApp.app */ = {isa = PBXFileReference; explicitFileType = wrapper.application; includeInIndex = 0; path = TestApp.app; sourceTree = BUILT_PRODUCTS_DIR; };
		1F3E804C28733F2D0098C405 /* AppDelegate.swift */ = {isa = PBXFileReference; lastKnownFileType = sourcecode.swift; path = AppDelegate.swift; sourceTree = "<group>"; };
		1F3E804E28733F2D0098C405 /* SceneDelegate.swift */ = {isa = PBXFileReference; lastKnownFileType = sourcecode.swift; path = SceneDelegate.swift; sourceTree = "<group>"; };
		1F3E805028733F2D0098C405 /* MainViewController.swift */ = {isa = PBXFileReference; lastKnownFileType = sourcecode.swift; path = MainViewController.swift; sourceTree = "<group>"; };
		1F3E805528733F2E0098C405 /* Assets.xcassets */ = {isa = PBXFileReference; lastKnownFileType = folder.assetcatalog; path = Assets.xcassets; sourceTree = "<group>"; };
		1F3E805828733F2E0098C405 /* Base */ = {isa = PBXFileReference; lastKnownFileType = file.storyboard; name = Base; path = Base.lproj/LaunchScreen.storyboard; sourceTree = "<group>"; };
		1F3E805A28733F2E0098C405 /* Info.plist */ = {isa = PBXFileReference; lastKnownFileType = text.plist.xml; path = Info.plist; sourceTree = "<group>"; };
		1F3E8064287344EF0098C405 /* Router.swift */ = {isa = PBXFileReference; lastKnownFileType = sourcecode.swift; path = Router.swift; sourceTree = "<group>"; };
		1F3E8067287345350098C405 /* Assembly.swift */ = {isa = PBXFileReference; lastKnownFileType = sourcecode.swift; path = Assembly.swift; sourceTree = "<group>"; };
		1F3E806B287345910098C405 /* LeaguesModel.swift */ = {isa = PBXFileReference; lastKnownFileType = sourcecode.swift; path = LeaguesModel.swift; sourceTree = "<group>"; };
		1F3E8074287347530098C405 /* Constants.swift */ = {isa = PBXFileReference; lastKnownFileType = sourcecode.swift; path = Constants.swift; sourceTree = "<group>"; };
		1F3E80782873482B0098C405 /* DateFormatter+Ext.swift */ = {isa = PBXFileReference; lastKnownFileType = sourcecode.swift; path = "DateFormatter+Ext.swift"; sourceTree = "<group>"; };
		1F3E807A287348490098C405 /* UINavigationItem+Ext.swift */ = {isa = PBXFileReference; lastKnownFileType = sourcecode.swift; path = "UINavigationItem+Ext.swift"; sourceTree = "<group>"; };
		1F3E807D287348C00098C405 /* NetworkService.swift */ = {isa = PBXFileReference; lastKnownFileType = sourcecode.swift; path = NetworkService.swift; sourceTree = "<group>"; };
		1F3E807F2873495C0098C405 /* Resources.swift */ = {isa = PBXFileReference; lastKnownFileType = sourcecode.swift; path = Resources.swift; sourceTree = "<group>"; };
		1F3E808928734C4D0098C405 /* LeaguesView.swift */ = {isa = PBXFileReference; lastKnownFileType = sourcecode.swift; path = LeaguesView.swift; sourceTree = "<group>"; };
		1F3E808B28734C850098C405 /* LeaguesCollectionViewCell.swift */ = {isa = PBXFileReference; lastKnownFileType = sourcecode.swift; path = LeaguesCollectionViewCell.swift; sourceTree = "<group>"; };
		1F3E808D28734CE20098C405 /* LeaguesPresenter.swift */ = {isa = PBXFileReference; lastKnownFileType = sourcecode.swift; path = LeaguesPresenter.swift; sourceTree = "<group>"; };
		1F3E809B28734DBE0098C405 /* SeasonsPresenter.swift */ = {isa = PBXFileReference; lastKnownFileType = sourcecode.swift; path = SeasonsPresenter.swift; sourceTree = "<group>"; };
		1F3E809D28734DF50098C405 /* SeasonsTableViewCell.swift */ = {isa = PBXFileReference; lastKnownFileType = sourcecode.swift; path = SeasonsTableViewCell.swift; sourceTree = "<group>"; };
		1F3E809F28734E300098C405 /* SeasonsView.swift */ = {isa = PBXFileReference; lastKnownFileType = sourcecode.swift; path = SeasonsView.swift; sourceTree = "<group>"; };
		1F3E80A128734E4E0098C405 /* SeasonsModel.swift */ = {isa = PBXFileReference; lastKnownFileType = sourcecode.swift; path = SeasonsModel.swift; sourceTree = "<group>"; };
		1F3E80A328734F3E0098C405 /* StandingsModel.swift */ = {isa = PBXFileReference; lastKnownFileType = sourcecode.swift; path = StandingsModel.swift; sourceTree = "<group>"; };
		1F3E80A528734F630098C405 /* StandingsView.swift */ = {isa = PBXFileReference; lastKnownFileType = sourcecode.swift; path = StandingsView.swift; sourceTree = "<group>"; };
		1F3E80A728734F880098C405 /* StandingsTableViewCell.swift */ = {isa = PBXFileReference; lastKnownFileType = sourcecode.swift; path = StandingsTableViewCell.swift; sourceTree = "<group>"; };
		1F3E80A928734FC10098C405 /* SelectViewController.swift */ = {isa = PBXFileReference; lastKnownFileType = sourcecode.swift; path = SelectViewController.swift; sourceTree = "<group>"; };
		1F3E80AB28734FF70098C405 /* StandingsPresenter.swift */ = {isa = PBXFileReference; lastKnownFileType = sourcecode.swift; path = StandingsPresenter.swift; sourceTree = "<group>"; };
		1F3E80AD28735CD50098C405 /* UIView+Ext.swift */ = {isa = PBXFileReference; lastKnownFileType = sourcecode.swift; path = "UIView+Ext.swift"; sourceTree = "<group>"; };
/* End PBXFileReference section */

/* Begin PBXFrameworksBuildPhase section */
		1F3E804628733F2D0098C405 /* Frameworks */ = {
			isa = PBXFrameworksBuildPhase;
			buildActionMask = 2147483647;
			files = (
			);
			runOnlyForDeploymentPostprocessing = 0;
		};
/* End PBXFrameworksBuildPhase section */

/* Begin PBXGroup section */
		1F37CDC328744E9400D1BB4C /* Controllers */ = {
			isa = PBXGroup;
			children = (
				1F3E805028733F2D0098C405 /* MainViewController.swift */,
				1F3E80A928734FC10098C405 /* SelectViewController.swift */,
			);
			path = Controllers;
			sourceTree = "<group>";
		};
		1F3E804028733F2D0098C405 = {
			isa = PBXGroup;
			children = (
				1F3E804B28733F2D0098C405 /* TestApp */,
				1F3E804A28733F2D0098C405 /* Products */,
			);
			sourceTree = "<group>";
		};
		1F3E804A28733F2D0098C405 /* Products */ = {
			isa = PBXGroup;
			children = (
				1F3E804928733F2D0098C405 /* TestApp.app */,
			);
			name = Products;
			sourceTree = "<group>";
		};
		1F3E804B28733F2D0098C405 /* TestApp */ = {
			isa = PBXGroup;
			children = (
				1F3E806028733F5C0098C405 /* App */,
				1F3E8063287344CE0098C405 /* Navigation */,
				1F3E8066287345210098C405 /* Assembly */,
				1F3E806128733F7D0098C405 /* Core */,
				1F3E807C2873486E0098C405 /* Network */,
				1F3E806228733F840098C405 /* Helpers */,
			);
			path = TestApp;
			sourceTree = "<group>";
		};
		1F3E806028733F5C0098C405 /* App */ = {
			isa = PBXGroup;
			children = (
				1F3E804C28733F2D0098C405 /* AppDelegate.swift */,
				1F3E804E28733F2D0098C405 /* SceneDelegate.swift */,
				1F3E805A28733F2E0098C405 /* Info.plist */,
			);
			path = App;
			sourceTree = "<group>";
		};
		1F3E806128733F7D0098C405 /* Core */ = {
			isa = PBXGroup;
			children = (
				1F37CDC328744E9400D1BB4C /* Controllers */,
				1F3E808228734AB80098C405 /* LeaguesContentView */,
				1F3E808328734B030098C405 /* SeasonsContentView */,
				1F3E808428734B280098C405 /* StandingsContentView */,
			);
			path = Core;
			sourceTree = "<group>";
		};
		1F3E806228733F840098C405 /* Helpers */ = {
			isa = PBXGroup;
			children = (
				1F3E8073287347390098C405 /* Constants */,
				1F3E8071287347050098C405 /* Resources */,
				1F3E8072287347100098C405 /* Extensions */,
			);
			path = Helpers;
			sourceTree = "<group>";
		};
		1F3E8063287344CE0098C405 /* Navigation */ = {
			isa = PBXGroup;
			children = (
				1F3E8064287344EF0098C405 /* Router.swift */,
			);
			path = Navigation;
			sourceTree = "<group>";
		};
		1F3E8066287345210098C405 /* Assembly */ = {
			isa = PBXGroup;
			children = (
				1F3E8067287345350098C405 /* Assembly.swift */,
			);
			path = Assembly;
			sourceTree = "<group>";
		};
		1F3E8069287345540098C405 /* View */ = {
			isa = PBXGroup;
			children = (
				1F3E808728734BB60098C405 /* Cell */,
				1F3E808628734BA80098C405 /* View */,
			);
			path = View;
			sourceTree = "<group>";
		};
		1F3E806A287345620098C405 /* Model */ = {
			isa = PBXGroup;
			children = (
				1F3E806B287345910098C405 /* LeaguesModel.swift */,
			);
			path = Model;
			sourceTree = "<group>";
		};
		1F3E8071287347050098C405 /* Resources */ = {
			isa = PBXGroup;
			children = (
				1F3E807F2873495C0098C405 /* Resources.swift */,
				1F3E805528733F2E0098C405 /* Assets.xcassets */,
				1F3E805728733F2E0098C405 /* LaunchScreen.storyboard */,
			);
			path = Resources;
			sourceTree = "<group>";
		};
		1F3E8072287347100098C405 /* Extensions */ = {
			isa = PBXGroup;
			children = (
				1F3E80AD28735CD50098C405 /* UIView+Ext.swift */,
				1F3E80782873482B0098C405 /* DateFormatter+Ext.swift */,
				1F3E807A287348490098C405 /* UINavigationItem+Ext.swift */,
			);
			path = Extensions;
			sourceTree = "<group>";
		};
		1F3E8073287347390098C405 /* Constants */ = {
			isa = PBXGroup;
			children = (
				1F3E8074287347530098C405 /* Constants.swift */,
			);
			path = Constants;
			sourceTree = "<group>";
		};
		1F3E807C2873486E0098C405 /* Network */ = {
			isa = PBXGroup;
			children = (
				1F3E807D287348C00098C405 /* NetworkService.swift */,
			);
			path = Network;
			sourceTree = "<group>";
		};
		1F3E808228734AB80098C405 /* LeaguesContentView */ = {
			isa = PBXGroup;
			children = (
				1F3E806A287345620098C405 /* Model */,
				1F3E8069287345540098C405 /* View */,
				1F3E808828734BD90098C405 /* Presenter */,
			);
			path = LeaguesContentView;
			sourceTree = "<group>";
		};
		1F3E808328734B030098C405 /* SeasonsContentView */ = {
			isa = PBXGroup;
			children = (
				1F3E809128734D130098C405 /* Model */,
				1F3E809028734D0D0098C405 /* View */,
				1F3E808F28734CF90098C405 /* Presenter */,
			);
			path = SeasonsContentView;
			sourceTree = "<group>";
		};
		1F3E808428734B280098C405 /* StandingsContentView */ = {
			isa = PBXGroup;
			children = (
				1F3E809728734D5A0098C405 /* Model */,
				1F3E809628734D530098C405 /* View */,
				1F3E809528734D4A0098C405 /* Presenter */,
			);
			path = StandingsContentView;
			sourceTree = "<group>";
		};
		1F3E808628734BA80098C405 /* View */ = {
			isa = PBXGroup;
			children = (
				1F3E808928734C4D0098C405 /* LeaguesView.swift */,
			);
			path = View;
			sourceTree = "<group>";
		};
		1F3E808728734BB60098C405 /* Cell */ = {
			isa = PBXGroup;
			children = (
				1F3E808B28734C850098C405 /* LeaguesCollectionViewCell.swift */,
			);
			path = Cell;
			sourceTree = "<group>";
		};
		1F3E808828734BD90098C405 /* Presenter */ = {
			isa = PBXGroup;
			children = (
				1F3E808D28734CE20098C405 /* LeaguesPresenter.swift */,
			);
			path = Presenter;
			sourceTree = "<group>";
		};
		1F3E808F28734CF90098C405 /* Presenter */ = {
			isa = PBXGroup;
			children = (
				1F3E809B28734DBE0098C405 /* SeasonsPresenter.swift */,
			);
			path = Presenter;
			sourceTree = "<group>";
		};
		1F3E809028734D0D0098C405 /* View */ = {
			isa = PBXGroup;
			children = (
				1F3E809428734D3A0098C405 /* Cell */,
				1F3E809328734D330098C405 /* View */,
			);
			path = View;
			sourceTree = "<group>";
		};
		1F3E809128734D130098C405 /* Model */ = {
			isa = PBXGroup;
			children = (
				1F3E80A128734E4E0098C405 /* SeasonsModel.swift */,
			);
			path = Model;
			sourceTree = "<group>";
		};
		1F3E809328734D330098C405 /* View */ = {
			isa = PBXGroup;
			children = (
				1F3E809F28734E300098C405 /* SeasonsView.swift */,
			);
			path = View;
			sourceTree = "<group>";
		};
		1F3E809428734D3A0098C405 /* Cell */ = {
			isa = PBXGroup;
			children = (
				1F3E809D28734DF50098C405 /* SeasonsTableViewCell.swift */,
			);
			path = Cell;
			sourceTree = "<group>";
		};
		1F3E809528734D4A0098C405 /* Presenter */ = {
			isa = PBXGroup;
			children = (
				1F3E80AB28734FF70098C405 /* StandingsPresenter.swift */,
			);
			path = Presenter;
			sourceTree = "<group>";
		};
		1F3E809628734D530098C405 /* View */ = {
			isa = PBXGroup;
			children = (
				1F3E809A28734D710098C405 /* Cell */,
				1F3E809928734D6B0098C405 /* View */,
			);
			path = View;
			sourceTree = "<group>";
		};
		1F3E809728734D5A0098C405 /* Model */ = {
			isa = PBXGroup;
			children = (
				1F3E80A328734F3E0098C405 /* StandingsModel.swift */,
			);
			path = Model;
			sourceTree = "<group>";
		};
		1F3E809928734D6B0098C405 /* View */ = {
			isa = PBXGroup;
			children = (
				1F3E80A528734F630098C405 /* StandingsView.swift */,
			);
			path = View;
			sourceTree = "<group>";
		};
		1F3E809A28734D710098C405 /* Cell */ = {
			isa = PBXGroup;
			children = (
				1F3E80A728734F880098C405 /* StandingsTableViewCell.swift */,
			);
			path = Cell;
			sourceTree = "<group>";
		};
/* End PBXGroup section */

/* Begin PBXNativeTarget section */
		1F3E804828733F2D0098C405 /* TestApp */ = {
			isa = PBXNativeTarget;
			buildConfigurationList = 1F3E805D28733F2E0098C405 /* Build configuration list for PBXNativeTarget "TestApp" */;
			buildPhases = (
				1F3E804528733F2D0098C405 /* Sources */,
				1F3E804628733F2D0098C405 /* Frameworks */,
				1F3E804728733F2D0098C405 /* Resources */,
			);
			buildRules = (
			);
			dependencies = (
			);
			name = TestApp;
			productName = TestApp;
			productReference = 1F3E804928733F2D0098C405 /* TestApp.app */;
			productType = "com.apple.product-type.application";
		};
/* End PBXNativeTarget section */

/* Begin PBXProject section */
		1F3E804128733F2D0098C405 /* Project object */ = {
			isa = PBXProject;
			attributes = {
				BuildIndependentTargetsInParallel = 1;
				LastSwiftUpdateCheck = 1340;
				LastUpgradeCheck = 1340;
				TargetAttributes = {
					1F3E804828733F2D0098C405 = {
						CreatedOnToolsVersion = 13.4.1;
					};
				};
			};
			buildConfigurationList = 1F3E804428733F2D0098C405 /* Build configuration list for PBXProject "TestApp" */;
			compatibilityVersion = "Xcode 13.0";
			developmentRegion = en;
			hasScannedForEncodings = 0;
			knownRegions = (
				en,
				Base,
			);
			mainGroup = 1F3E804028733F2D0098C405;
			productRefGroup = 1F3E804A28733F2D0098C405 /* Products */;
			projectDirPath = "";
			projectRoot = "";
			targets = (
				1F3E804828733F2D0098C405 /* TestApp */,
			);
		};
/* End PBXProject section */

/* Begin PBXResourcesBuildPhase section */
		1F3E804728733F2D0098C405 /* Resources */ = {
			isa = PBXResourcesBuildPhase;
			buildActionMask = 2147483647;
			files = (
				1F3E805928733F2E0098C405 /* LaunchScreen.storyboard in Resources */,
				1F3E805628733F2E0098C405 /* Assets.xcassets in Resources */,
			);
			runOnlyForDeploymentPostprocessing = 0;
		};
/* End PBXResourcesBuildPhase section */

/* Begin PBXSourcesBuildPhase section */
		1F3E804528733F2D0098C405 /* Sources */ = {
			isa = PBXSourcesBuildPhase;
			buildActionMask = 2147483647;
			files = (
				1F3E80A628734F630098C405 /* StandingsView.swift in Sources */,
				1F3E80A228734E4E0098C405 /* SeasonsModel.swift in Sources */,
				1F3E807E287348C00098C405 /* NetworkService.swift in Sources */,
				1F3E808C28734C850098C405 /* LeaguesCollectionViewCell.swift in Sources */,
				1F3E808A28734C4D0098C405 /* LeaguesView.swift in Sources */,
				1F3E80792873482B0098C405 /* DateFormatter+Ext.swift in Sources */,
				1F3E809E28734DF50098C405 /* SeasonsTableViewCell.swift in Sources */,
				1F3E8065287344EF0098C405 /* Router.swift in Sources */,
				1F3E80AE28735CD50098C405 /* UIView+Ext.swift in Sources */,
				1F3E8068287345350098C405 /* Assembly.swift in Sources */,
				1F3E809C28734DBE0098C405 /* SeasonsPresenter.swift in Sources */,
				1F3E80A428734F3E0098C405 /* StandingsModel.swift in Sources */,
				1F3E805128733F2D0098C405 /* MainViewController.swift in Sources */,
				1F3E806C287345910098C405 /* LeaguesModel.swift in Sources */,
				1F3E8075287347530098C405 /* Constants.swift in Sources */,
				1F3E808E28734CE20098C405 /* LeaguesPresenter.swift in Sources */,
				1F3E80A028734E300098C405 /* SeasonsView.swift in Sources */,
				1F3E804D28733F2D0098C405 /* AppDelegate.swift in Sources */,
				1F3E80802873495C0098C405 /* Resources.swift in Sources */,
				1F3E804F28733F2D0098C405 /* SceneDelegate.swift in Sources */,
				1F3E80AC28734FF70098C405 /* StandingsPresenter.swift in Sources */,
				1F3E80A828734F880098C405 /* StandingsTableViewCell.swift in Sources */,
				1F3E80AA28734FC10098C405 /* SelectViewController.swift in Sources */,
				1F3E807B287348490098C405 /* UINavigationItem+Ext.swift in Sources */,
			);
			runOnlyForDeploymentPostprocessing = 0;
		};
/* End PBXSourcesBuildPhase section */

/* Begin PBXVariantGroup section */
		1F3E805728733F2E0098C405 /* LaunchScreen.storyboard */ = {
			isa = PBXVariantGroup;
			children = (
				1F3E805828733F2E0098C405 /* Base */,
			);
			name = LaunchScreen.storyboard;
			sourceTree = "<group>";
		};
/* End PBXVariantGroup section */

/* Begin XCBuildConfiguration section */
		1F3E805B28733F2E0098C405 /* Debug */ = {
			isa = XCBuildConfiguration;
			buildSettings = {
				ALWAYS_SEARCH_USER_PATHS = NO;
				CLANG_ANALYZER_NONNULL = YES;
				CLANG_ANALYZER_NUMBER_OBJECT_CONVERSION = YES_AGGRESSIVE;
				CLANG_CXX_LANGUAGE_STANDARD = "gnu++17";
				CLANG_ENABLE_MODULES = YES;
				CLANG_ENABLE_OBJC_ARC = YES;
				CLANG_ENABLE_OBJC_WEAK = YES;
				CLANG_WARN_BLOCK_CAPTURE_AUTORELEASING = YES;
				CLANG_WARN_BOOL_CONVERSION = YES;
				CLANG_WARN_COMMA = YES;
				CLANG_WARN_CONSTANT_CONVERSION = YES;
				CLANG_WARN_DEPRECATED_OBJC_IMPLEMENTATIONS = YES;
				CLANG_WARN_DIRECT_OBJC_ISA_USAGE = YES_ERROR;
				CLANG_WARN_DOCUMENTATION_COMMENTS = YES;
				CLANG_WARN_EMPTY_BODY = YES;
				CLANG_WARN_ENUM_CONVERSION = YES;
				CLANG_WARN_INFINITE_RECURSION = YES;
				CLANG_WARN_INT_CONVERSION = YES;
				CLANG_WARN_NON_LITERAL_NULL_CONVERSION = YES;
				CLANG_WARN_OBJC_IMPLICIT_RETAIN_SELF = YES;
				CLANG_WARN_OBJC_LITERAL_CONVERSION = YES;
				CLANG_WARN_OBJC_ROOT_CLASS = YES_ERROR;
				CLANG_WARN_QUOTED_INCLUDE_IN_FRAMEWORK_HEADER = YES;
				CLANG_WARN_RANGE_LOOP_ANALYSIS = YES;
				CLANG_WARN_STRICT_PROTOTYPES = YES;
				CLANG_WARN_SUSPICIOUS_MOVE = YES;
				CLANG_WARN_UNGUARDED_AVAILABILITY = YES_AGGRESSIVE;
				CLANG_WARN_UNREACHABLE_CODE = YES;
				CLANG_WARN__DUPLICATE_METHOD_MATCH = YES;
				COPY_PHASE_STRIP = NO;
				DEBUG_INFORMATION_FORMAT = dwarf;
				ENABLE_STRICT_OBJC_MSGSEND = YES;
				ENABLE_TESTABILITY = YES;
				GCC_C_LANGUAGE_STANDARD = gnu11;
				GCC_DYNAMIC_NO_PIC = NO;
				GCC_NO_COMMON_BLOCKS = YES;
				GCC_OPTIMIZATION_LEVEL = 0;
				GCC_PREPROCESSOR_DEFINITIONS = (
					"DEBUG=1",
					"$(inherited)",
				);
				GCC_WARN_64_TO_32_BIT_CONVERSION = YES;
				GCC_WARN_ABOUT_RETURN_TYPE = YES_ERROR;
				GCC_WARN_UNDECLARED_SELECTOR = YES;
				GCC_WARN_UNINITIALIZED_AUTOS = YES_AGGRESSIVE;
				GCC_WARN_UNUSED_FUNCTION = YES;
				GCC_WARN_UNUSED_VARIABLE = YES;
				IPHONEOS_DEPLOYMENT_TARGET = 15.5;
				MTL_ENABLE_DEBUG_INFO = INCLUDE_SOURCE;
				MTL_FAST_MATH = YES;
				ONLY_ACTIVE_ARCH = YES;
				SDKROOT = iphoneos;
				SWIFT_ACTIVE_COMPILATION_CONDITIONS = DEBUG;
				SWIFT_OPTIMIZATION_LEVEL = "-Onone";
			};
			name = Debug;
		};
		1F3E805C28733F2E0098C405 /* Release */ = {
			isa = XCBuildConfiguration;
			buildSettings = {
				ALWAYS_SEARCH_USER_PATHS = NO;
				CLANG_ANALYZER_NONNULL = YES;
				CLANG_ANALYZER_NUMBER_OBJECT_CONVERSION = YES_AGGRESSIVE;
				CLANG_CXX_LANGUAGE_STANDARD = "gnu++17";
				CLANG_ENABLE_MODULES = YES;
				CLANG_ENABLE_OBJC_ARC = YES;
				CLANG_ENABLE_OBJC_WEAK = YES;
				CLANG_WARN_BLOCK_CAPTURE_AUTORELEASING = YES;
				CLANG_WARN_BOOL_CONVERSION = YES;
				CLANG_WARN_COMMA = YES;
				CLANG_WARN_CONSTANT_CONVERSION = YES;
				CLANG_WARN_DEPRECATED_OBJC_IMPLEMENTATIONS = YES;
				CLANG_WARN_DIRECT_OBJC_ISA_USAGE = YES_ERROR;
				CLANG_WARN_DOCUMENTATION_COMMENTS = YES;
				CLANG_WARN_EMPTY_BODY = YES;
				CLANG_WARN_ENUM_CONVERSION = YES;
				CLANG_WARN_INFINITE_RECURSION = YES;
				CLANG_WARN_INT_CONVERSION = YES;
				CLANG_WARN_NON_LITERAL_NULL_CONVERSION = YES;
				CLANG_WARN_OBJC_IMPLICIT_RETAIN_SELF = YES;
				CLANG_WARN_OBJC_LITERAL_CONVERSION = YES;
				CLANG_WARN_OBJC_ROOT_CLASS = YES_ERROR;
				CLANG_WARN_QUOTED_INCLUDE_IN_FRAMEWORK_HEADER = YES;
				CLANG_WARN_RANGE_LOOP_ANALYSIS = YES;
				CLANG_WARN_STRICT_PROTOTYPES = YES;
				CLANG_WARN_SUSPICIOUS_MOVE = YES;
				CLANG_WARN_UNGUARDED_AVAILABILITY = YES_AGGRESSIVE;
				CLANG_WARN_UNREACHABLE_CODE = YES;
				CLANG_WARN__DUPLICATE_METHOD_MATCH = YES;
				COPY_PHASE_STRIP = NO;
				DEBUG_INFORMATION_FORMAT = "dwarf-with-dsym";
				ENABLE_NS_ASSERTIONS = NO;
				ENABLE_STRICT_OBJC_MSGSEND = YES;
				GCC_C_LANGUAGE_STANDARD = gnu11;
				GCC_NO_COMMON_BLOCKS = YES;
				GCC_WARN_64_TO_32_BIT_CONVERSION = YES;
				GCC_WARN_ABOUT_RETURN_TYPE = YES_ERROR;
				GCC_WARN_UNDECLARED_SELECTOR = YES;
				GCC_WARN_UNINITIALIZED_AUTOS = YES_AGGRESSIVE;
				GCC_WARN_UNUSED_FUNCTION = YES;
				GCC_WARN_UNUSED_VARIABLE = YES;
				IPHONEOS_DEPLOYMENT_TARGET = 15.5;
				MTL_ENABLE_DEBUG_INFO = NO;
				MTL_FAST_MATH = YES;
				SDKROOT = iphoneos;
				SWIFT_COMPILATION_MODE = wholemodule;
				SWIFT_OPTIMIZATION_LEVEL = "-O";
				VALIDATE_PRODUCT = YES;
			};
			name = Release;
		};
		1F3E805E28733F2E0098C405 /* Debug */ = {
			isa = XCBuildConfiguration;
			buildSettings = {
				ASSETCATALOG_COMPILER_APPICON_NAME = AppIcon;
				ASSETCATALOG_COMPILER_GLOBAL_ACCENT_COLOR_NAME = AccentColor;
				CODE_SIGN_STYLE = Automatic;
				CURRENT_PROJECT_VERSION = 1;
				DEVELOPMENT_TEAM = RTJ9N9VRF5;
				GENERATE_INFOPLIST_FILE = YES;
				INFOPLIST_FILE = TestApp/App/Info.plist;
				INFOPLIST_KEY_UIApplicationSupportsIndirectInputEvents = YES;
				INFOPLIST_KEY_UILaunchStoryboardName = LaunchScreen;
				INFOPLIST_KEY_UISupportedInterfaceOrientations_iPad = "UIInterfaceOrientationPortrait UIInterfaceOrientationPortraitUpsideDown UIInterfaceOrientationLandscapeLeft UIInterfaceOrientationLandscapeRight";
				INFOPLIST_KEY_UISupportedInterfaceOrientations_iPhone = "UIInterfaceOrientationPortrait UIInterfaceOrientationLandscapeLeft UIInterfaceOrientationLandscapeRight";
				LD_RUNPATH_SEARCH_PATHS = (
					"$(inherited)",
					"@executable_path/Frameworks",
				);
				MARKETING_VERSION = 1.0;
				PRODUCT_BUNDLE_IDENTIFIER = com.mikekos.TestApp;
				PRODUCT_NAME = "$(TARGET_NAME)";
				SWIFT_EMIT_LOC_STRINGS = YES;
				SWIFT_VERSION = 5.0;
				TARGETED_DEVICE_FAMILY = "1,2";
			};
			name = Debug;
		};
		1F3E805F28733F2E0098C405 /* Release */ = {
			isa = XCBuildConfiguration;
			buildSettings = {
				ASSETCATALOG_COMPILER_APPICON_NAME = AppIcon;
				ASSETCATALOG_COMPILER_GLOBAL_ACCENT_COLOR_NAME = AccentColor;
				CODE_SIGN_STYLE = Automatic;
				CURRENT_PROJECT_VERSION = 1;
				DEVELOPMENT_TEAM = RTJ9N9VRF5;
				GENERATE_INFOPLIST_FILE = YES;
				INFOPLIST_FILE = TestApp/App/Info.plist;
				INFOPLIST_KEY_UIApplicationSupportsIndirectInputEvents = YES;
				INFOPLIST_KEY_UILaunchStoryboardName = LaunchScreen;
				INFOPLIST_KEY_UISupportedInterfaceOrientations_iPad = "UIInterfaceOrientationPortrait UIInterfaceOrientationPortraitUpsideDown UIInterfaceOrientationLandscapeLeft UIInterfaceOrientationLandscapeRight";
				INFOPLIST_KEY_UISupportedInterfaceOrientations_iPhone = "UIInterfaceOrientationPortrait UIInterfaceOrientationLandscapeLeft UIInterfaceOrientationLandscapeRight";
				LD_RUNPATH_SEARCH_PATHS = (
					"$(inherited)",
					"@executable_path/Frameworks",
				);
				MARKETING_VERSION = 1.0;
				PRODUCT_BUNDLE_IDENTIFIER = com.mikekos.TestApp;
				PRODUCT_NAME = "$(TARGET_NAME)";
				SWIFT_EMIT_LOC_STRINGS = YES;
				SWIFT_VERSION = 5.0;
				TARGETED_DEVICE_FAMILY = "1,2";
			};
			name = Release;
		};
/* End XCBuildConfiguration section */

/* Begin XCConfigurationList section */
		1F3E804428733F2D0098C405 /* Build configuration list for PBXProject "TestApp" */ = {
			isa = XCConfigurationList;
			buildConfigurations = (
				1F3E805B28733F2E0098C405 /* Debug */,
				1F3E805C28733F2E0098C405 /* Release */,
			);
			defaultConfigurationIsVisible = 0;
			defaultConfigurationName = Release;
		};
		1F3E805D28733F2E0098C405 /* Build configuration list for PBXNativeTarget "TestApp" */ = {
			isa = XCConfigurationList;
			buildConfigurations = (
				1F3E805E28733F2E0098C405 /* Debug */,
				1F3E805F28733F2E0098C405 /* Release */,
			);
			defaultConfigurationIsVisible = 0;
			defaultConfigurationName = Release;
		};
/* End XCConfigurationList section */
	};
	rootObject = 1F3E804128733F2D0098C405 /* Project object */;
}
